
Microsoft Visual Studio Solution File, Format Version 12.00
# Visual Studio 15
VisualStudioVersion = 15.0.28307.757
MinimumVisualStudioVersion = 10.0.40219.1
Project("{8BC9CEB8-8B4A-11D0-8D11-00A0C91BC942}") = "Reality", "Reality\Reality.vcxproj", "{D8E534D6-C30B-4A14-B5D6-51B9C0CF270F}"
EndProject
Global
	GlobalSection(SolutionConfigurationPlatforms) = preSolution
		Debug|x64 = Debug|x64
		Debug|x86 = Debug|x86
		Release|x64 = Release|x64
		Release|x86 = Release|x86
	EndGlobalSection
	GlobalSection(ProjectConfigurationPlatforms) = postSolution
		{D8E534D6-C30B-4A14-B5D6-51B9C0CF270F}.Debug|x64.ActiveCfg = Debug|x64
		{D8E534D6-C30B-4A14-B5D6-51B9C0CF270F}.Debug|x64.Build.0 = Debug|x64
		{D8E534D6-C30B-4A14-B5D6-51B9C0CF270F}.Debug|x86.ActiveCfg = Debug|Win32
		{D8E534D6-C30B-4A14-B5D6-51B9C0CF270F}.Debug|x86.Build.0 = Debug|Win32
		{D8E534D6-C30B-4A14-B5D6-51B9C0CF270F}.Release|x64.ActiveCfg = Release|x64
		{D8E534D6-C30B-4A14-B5D6-51B9C0CF270F}.Release|x64.Build.0 = Release|x64
		{D8E534D6-C30B-4A14-B5D6-51B9C0CF270F}.Release|x86.ActiveCfg = Release|Win32
		{D8E534D6-C30B-4A14-B5D6-51B9C0CF270F}.Release|x86.Build.0 = Release|Win32
	EndGlobalSection
	GlobalSection(SolutionProperties) = preSolution
		HideSolutionNode = FALSE
	EndGlobalSection
	GlobalSection(ExtensibilityGlobals) = postSolution
		SolutionGuid = {9B9DAC87-9A8E-4200-8FCA-55CA5F9E7780}
	EndGlobalSection
EndGlobal
